{
  "name": "starlink-p2p",
  "version": "1.0.0",
  "lockfileVersion": 1,
  "requires": true,
  "dependencies": {
    "json-tcp-socket": {
      "version": "1.0.3",
      "resolved": "https://registry.npmjs.org/json-tcp-socket/-/json-tcp-socket-1.0.3.tgz",
      "integrity": "sha1-T9BTYovDgK8JB0AjGTpCIROLf8s="
    }
  }
}
